
Microsoft Visual Studio Solution File, Format Version 12.00
# Visual Studio Version 16
VisualStudioVersion = 16.0.31424.327
MinimumVisualStudioVersion = 10.0.40219.1
Project("{FAE04EC0-301F-11D3-BF4B-00C04F79EFBC}") = "Plitochka", "Plitochka.csproj", "{91F7F7E9-9449-4555-B141-3C569F5E7F0E}"
EndProject
Global
	GlobalSection(SolutionConfigurationPlatforms) = preSolution
		Debug|Any CPU = Debug|Any CPU
		Release|Any CPU = Release|Any CPU
	EndGlobalSection
	GlobalSection(ProjectConfigurationPlatforms) = postSolution
		{91F7F7E9-9449-4555-B141-3C569F5E7F0E}.Debug|Any CPU.ActiveCfg = Debug|Any CPU
		{91F7F7E9-9449-4555-B141-3C569F5E7F0E}.Debug|Any CPU.Build.0 = Debug|Any CPU
		{91F7F7E9-9449-4555-B141-3C569F5E7F0E}.Release|Any CPU.ActiveCfg = Release|Any CPU
		{91F7F7E9-9449-4555-B141-3C569F5E7F0E}.Release|Any CPU.Build.0 = Release|Any CPU
	EndGlobalSection
	GlobalSection(SolutionProperties) = preSolution
		HideSolutionNode = FALSE
	EndGlobalSection
	GlobalSection(ExtensibilityGlobals) = postSolution
		SolutionGuid = {314F5EAF-BC89-4995-ACCB-2154C0E0CF8B}
	EndGlobalSection
EndGlobal
